
Microsoft Visual Studio Solution File, Format Version 12.00
# Visual Studio Version 17
VisualStudioVersion = 17.10.35013.160
MinimumVisualStudioVersion = 10.0.40219.1
Project("{FAE04EC0-301F-11D3-BF4B-00C04F79EFBC}") = "TelefonRehberi", "TelefonRehberi\TelefonRehberi.csproj", "{25AD7B2A-1398-45B8-B986-8A74819DFC18}"
EndProject
Global
	GlobalSection(SolutionConfigurationPlatforms) = preSolution
		Debug|Any CPU = Debug|Any CPU
		Release|Any CPU = Release|Any CPU
	EndGlobalSection
	GlobalSection(ProjectConfigurationPlatforms) = postSolution
		{25AD7B2A-1398-45B8-B986-8A74819DFC18}.Debug|Any CPU.ActiveCfg = Debug|Any CPU
		{25AD7B2A-1398-45B8-B986-8A74819DFC18}.Debug|Any CPU.Build.0 = Debug|Any CPU
		{25AD7B2A-1398-45B8-B986-8A74819DFC18}.Release|Any CPU.ActiveCfg = Release|Any CPU
		{25AD7B2A-1398-45B8-B986-8A74819DFC18}.Release|Any CPU.Build.0 = Release|Any CPU
	EndGlobalSection
	GlobalSection(SolutionProperties) = preSolution
		HideSolutionNode = FALSE
	EndGlobalSection
	GlobalSection(ExtensibilityGlobals) = postSolution
		SolutionGuid = {1ED453D3-8758-46D4-AB26-DACBBE360DEB}
	EndGlobalSection
EndGlobal
